
Microsoft Visual Studio Solution File, Format Version 12.00
# Visual Studio Version 16
VisualStudioVersion = 16.0.33529.622
MinimumVisualStudioVersion = 10.0.40219.1
Project("{FAE04EC0-301F-11D3-BF4B-00C04F79EFBC}") = "Clave2_Grupo", "Clave2_Grupo.csproj", "{8F1691A3-CB91-4315-A16C-E5A6197779D8}"
EndProject
Global
	GlobalSection(SolutionConfigurationPlatforms) = preSolution
		Debug|Any CPU = Debug|Any CPU
		Release|Any CPU = Release|Any CPU
	EndGlobalSection
	GlobalSection(ProjectConfigurationPlatforms) = postSolution
		{8F1691A3-CB91-4315-A16C-E5A6197779D8}.Debug|Any CPU.ActiveCfg = Debug|Any CPU
		{8F1691A3-CB91-4315-A16C-E5A6197779D8}.Debug|Any CPU.Build.0 = Debug|Any CPU
		{8F1691A3-CB91-4315-A16C-E5A6197779D8}.Release|Any CPU.ActiveCfg = Release|Any CPU
		{8F1691A3-CB91-4315-A16C-E5A6197779D8}.Release|Any CPU.Build.0 = Release|Any CPU
	EndGlobalSection
	GlobalSection(SolutionProperties) = preSolution
		HideSolutionNode = FALSE
	EndGlobalSection
	GlobalSection(ExtensibilityGlobals) = postSolution
		SolutionGuid = {CB110AF0-F148-467A-9C50-1E88FE865FF1}
	EndGlobalSection
EndGlobal
